
Microsoft Visual Studio Solution File, Format Version 12.00
# Visual Studio Version 17
VisualStudioVersion = 17.13.35931.197 d17.13
MinimumVisualStudioVersion = 10.0.40219.1
Project("{FAE04EC0-301F-11D3-BF4B-00C04F79EFBC}") = "Branching", "Branching\Branching.csproj", "{53CC4DF5-8FDB-4C78-B674-824C320A5DCE}"
EndProject
Global
	GlobalSection(SolutionConfigurationPlatforms) = preSolution
		Debug|Any CPU = Debug|Any CPU
		Release|Any CPU = Release|Any CPU
	EndGlobalSection
	GlobalSection(ProjectConfigurationPlatforms) = postSolution
		{53CC4DF5-8FDB-4C78-B674-824C320A5DCE}.Debug|Any CPU.ActiveCfg = Debug|Any CPU
		{53CC4DF5-8FDB-4C78-B674-824C320A5DCE}.Debug|Any CPU.Build.0 = Debug|Any CPU
		{53CC4DF5-8FDB-4C78-B674-824C320A5DCE}.Release|Any CPU.ActiveCfg = Release|Any CPU
		{53CC4DF5-8FDB-4C78-B674-824C320A5DCE}.Release|Any CPU.Build.0 = Release|Any CPU
	EndGlobalSection
	GlobalSection(SolutionProperties) = preSolution
		HideSolutionNode = FALSE
	EndGlobalSection
	GlobalSection(ExtensibilityGlobals) = postSolution
		SolutionGuid = {74DD91CA-3F3D-428E-9205-AB8E2C9B2357}
	EndGlobalSection
EndGlobal
